
Microsoft Visual Studio Solution File, Format Version 12.00
# Visual Studio 14
VisualStudioVersion = 14.0.25420.1
MinimumVisualStudioVersion = 10.0.40219.1
Project("{FAE04EC0-301F-11D3-BF4B-00C04F79EFBC}") = "20180426_Pirminis kaicius", "20180426_Pirminis kaicius\20180426_Pirminis kaicius.csproj", "{D75646D2-8DF8-4835-AAE2-DB74AE04FF14}"
EndProject
Global
	GlobalSection(SolutionConfigurationPlatforms) = preSolution
		Debug|Any CPU = Debug|Any CPU
		Release|Any CPU = Release|Any CPU
	EndGlobalSection
	GlobalSection(ProjectConfigurationPlatforms) = postSolution
		{D75646D2-8DF8-4835-AAE2-DB74AE04FF14}.Debug|Any CPU.ActiveCfg = Debug|Any CPU
		{D75646D2-8DF8-4835-AAE2-DB74AE04FF14}.Debug|Any CPU.Build.0 = Debug|Any CPU
		{D75646D2-8DF8-4835-AAE2-DB74AE04FF14}.Release|Any CPU.ActiveCfg = Release|Any CPU
		{D75646D2-8DF8-4835-AAE2-DB74AE04FF14}.Release|Any CPU.Build.0 = Release|Any CPU
	EndGlobalSection
	GlobalSection(SolutionProperties) = preSolution
		HideSolutionNode = FALSE
	EndGlobalSection
EndGlobal
